
Microsoft Visual Studio Solution File, Format Version 12.00
# Visual Studio 15
Project("{FAE04EC0-301F-11D3-BF4B-00C04F79EFBC}") = "Assembly-CSharp-firstpass", "Assembly-CSharp-firstpass.csproj", "{A55A9DDE-0D33-F89E-BED0-6399EA6A3C98}"
EndProject
Project("{FAE04EC0-301F-11D3-BF4B-00C04F79EFBC}") = "Assembly-CSharp", "Assembly-CSharp.csproj", "{803EBE42-9CB8-39AB-81D9-9DA40EDBAFB8}"
EndProject
Project("{FAE04EC0-301F-11D3-BF4B-00C04F79EFBC}") = "Assembly-CSharp-Editor-firstpass", "Assembly-CSharp-Editor-firstpass.csproj", "{2A588AA8-0756-1D61-4DDE-9D35A4FD0329}"
EndProject
Global
	GlobalSection(SolutionConfigurationPlatforms) = preSolution
		Debug|Any CPU = Debug|Any CPU
		Release|Any CPU = Release|Any CPU
	EndGlobalSection
	GlobalSection(ProjectConfigurationPlatforms) = postSolution
		{A55A9DDE-0D33-F89E-BED0-6399EA6A3C98}.Debug|Any CPU.ActiveCfg = Debug|Any CPU
		{A55A9DDE-0D33-F89E-BED0-6399EA6A3C98}.Debug|Any CPU.Build.0 = Debug|Any CPU
		{A55A9DDE-0D33-F89E-BED0-6399EA6A3C98}.Release|Any CPU.ActiveCfg = Release|Any CPU
		{A55A9DDE-0D33-F89E-BED0-6399EA6A3C98}.Release|Any CPU.Build.0 = Release|Any CPU
		{803EBE42-9CB8-39AB-81D9-9DA40EDBAFB8}.Debug|Any CPU.ActiveCfg = Debug|Any CPU
		{803EBE42-9CB8-39AB-81D9-9DA40EDBAFB8}.Debug|Any CPU.Build.0 = Debug|Any CPU
		{803EBE42-9CB8-39AB-81D9-9DA40EDBAFB8}.Release|Any CPU.ActiveCfg = Release|Any CPU
		{803EBE42-9CB8-39AB-81D9-9DA40EDBAFB8}.Release|Any CPU.Build.0 = Release|Any CPU
		{2A588AA8-0756-1D61-4DDE-9D35A4FD0329}.Debug|Any CPU.ActiveCfg = Debug|Any CPU
		{2A588AA8-0756-1D61-4DDE-9D35A4FD0329}.Debug|Any CPU.Build.0 = Debug|Any CPU
		{2A588AA8-0756-1D61-4DDE-9D35A4FD0329}.Release|Any CPU.ActiveCfg = Release|Any CPU
		{2A588AA8-0756-1D61-4DDE-9D35A4FD0329}.Release|Any CPU.Build.0 = Release|Any CPU
	EndGlobalSection
	GlobalSection(SolutionProperties) = preSolution
		HideSolutionNode = FALSE
	EndGlobalSection
EndGlobal
